
Microsoft Visual Studio Solution File, Format Version 12.00
# Visual Studio Version 17
VisualStudioVersion = 17.6.33829.357
MinimumVisualStudioVersion = 10.0.40219.1
Project("{FAE04EC0-301F-11D3-BF4B-00C04F79EFBC}") = "GeometryExample", "GeometryExample\GeometryExample.csproj", "{22836F56-F093-46FD-9B91-BEFE5A63F86B}"
EndProject
Project("{FAE04EC0-301F-11D3-BF4B-00C04F79EFBC}") = "Exercise2", "Exercise2\Exercise2.csproj", "{045B0B67-ED92-428B-BBB0-DFF04B22F1F4}"
EndProject
Global
	GlobalSection(SolutionConfigurationPlatforms) = preSolution
		Debug|Any CPU = Debug|Any CPU
		Release|Any CPU = Release|Any CPU
	EndGlobalSection
	GlobalSection(ProjectConfigurationPlatforms) = postSolution
		{22836F56-F093-46FD-9B91-BEFE5A63F86B}.Debug|Any CPU.ActiveCfg = Debug|Any CPU
		{22836F56-F093-46FD-9B91-BEFE5A63F86B}.Debug|Any CPU.Build.0 = Debug|Any CPU
		{22836F56-F093-46FD-9B91-BEFE5A63F86B}.Release|Any CPU.ActiveCfg = Release|Any CPU
		{22836F56-F093-46FD-9B91-BEFE5A63F86B}.Release|Any CPU.Build.0 = Release|Any CPU
		{045B0B67-ED92-428B-BBB0-DFF04B22F1F4}.Debug|Any CPU.ActiveCfg = Debug|Any CPU
		{045B0B67-ED92-428B-BBB0-DFF04B22F1F4}.Debug|Any CPU.Build.0 = Debug|Any CPU
		{045B0B67-ED92-428B-BBB0-DFF04B22F1F4}.Release|Any CPU.ActiveCfg = Release|Any CPU
		{045B0B67-ED92-428B-BBB0-DFF04B22F1F4}.Release|Any CPU.Build.0 = Release|Any CPU
	EndGlobalSection
	GlobalSection(SolutionProperties) = preSolution
		HideSolutionNode = FALSE
	EndGlobalSection
	GlobalSection(ExtensibilityGlobals) = postSolution
		SolutionGuid = {E1205A30-AA4C-43C7-8E20-8CF5A492B9B1}
	EndGlobalSection
EndGlobal
